// !$*UTF8*$!
{
	archiveVersion = 1;
	classes = {
	};
	objectVersion = 46;
	objects = {

/* Begin PBXBuildFile section */
		847AC9721D43143D00B1AAF2 /* main.m in Sources */ = {isa = PBXBuildFile; fileRef = 847AC9711D43143D00B1AAF2 /* main.m */; };
		847AC9751D43143D00B1AAF2 /* AppDelegate.m in Sources */ = {isa = PBXBuildFile; fileRef = 847AC9741D43143D00B1AAF2 /* AppDelegate.m */; };
		847AC9781D43143D00B1AAF2 /* ViewController.m in Sources */ = {isa = PBXBuildFile; fileRef = 847AC9771D43143D00B1AAF2 /* ViewController.m */; };
		847AC97B1D43143D00B1AAF2 /* Main.storyboard in Resources */ = {isa = PBXBuildFile; fileRef = 847AC9791D43143D00B1AAF2 /* Main.storyboard */; };
		847AC97D1D43143D00B1AAF2 /* Assets.xcassets in Resources */ = {isa = PBXBuildFile; fileRef = 847AC97C1D43143D00B1AAF2 /* Assets.xcassets */; };
		847AC9801D43143D00B1AAF2 /* LaunchScreen.storyboard in Resources */ = {isa = PBXBuildFile; fileRef = 847AC97E1D43143D00B1AAF2 /* LaunchScreen.storyboard */; };
		847AC9A91D4314E000B1AAF2 /* MKAnnotationView+WebCache.m in Sources */ = {isa = PBXBuildFile; fileRef = 847AC9891D4314E000B1AAF2 /* MKAnnotationView+WebCache.m */; };
		847AC9AA1D4314E000B1AAF2 /* NSData+ImageContentType.m in Sources */ = {isa = PBXBuildFile; fileRef = 847AC98B1D4314E000B1AAF2 /* NSData+ImageContentType.m */; };
		847AC9AB1D4314E000B1AAF2 /* SDImageCache.m in Sources */ = {isa = PBXBuildFile; fileRef = 847AC98D1D4314E000B1AAF2 /* SDImageCache.m */; };
		847AC9AC1D4314E000B1AAF2 /* SDWebImageCompat.m in Sources */ = {isa = PBXBuildFile; fileRef = 847AC98F1D4314E000B1AAF2 /* SDWebImageCompat.m */; };
		847AC9AD1D4314E000B1AAF2 /* SDWebImageDecoder.m in Sources */ = {isa = PBXBuildFile; fileRef = 847AC9911D4314E000B1AAF2 /* SDWebImageDecoder.m */; };
		847AC9AE1D4314E000B1AAF2 /* SDWebImageDownloader.m in Sources */ = {isa = PBXBuildFile; fileRef = 847AC9931D4314E000B1AAF2 /* SDWebImageDownloader.m */; };
		847AC9AF1D4314E000B1AAF2 /* SDWebImageDownloaderOperation.m in Sources */ = {isa = PBXBuildFile; fileRef = 847AC9951D4314E000B1AAF2 /* SDWebImageDownloaderOperation.m */; };
		847AC9B01D4314E000B1AAF2 /* SDWebImageManager.m in Sources */ = {isa = PBXBuildFile; fileRef = 847AC9971D4314E000B1AAF2 /* SDWebImageManager.m */; };
		847AC9B11D4314E000B1AAF2 /* SDWebImagePrefetcher.m in Sources */ = {isa = PBXBuildFile; fileRef = 847AC99A1D4314E000B1AAF2 /* SDWebImagePrefetcher.m */; };
		847AC9B21D4314E000B1AAF2 /* UIButton+WebCache.m in Sources */ = {isa = PBXBuildFile; fileRef = 847AC99C1D4314E000B1AAF2 /* UIButton+WebCache.m */; };
		847AC9B31D4314E000B1AAF2 /* UIImage+GIF.m in Sources */ = {isa = PBXBuildFile; fileRef = 847AC99E1D4314E000B1AAF2 /* UIImage+GIF.m */; };
		847AC9B41D4314E000B1AAF2 /* UIImage+MultiFormat.m in Sources */ = {isa = PBXBuildFile; fileRef = 847AC9A01D4314E000B1AAF2 /* UIImage+MultiFormat.m */; };
		847AC9B51D4314E000B1AAF2 /* UIImage+WebP.m in Sources */ = {isa = PBXBuildFile; fileRef = 847AC9A21D4314E000B1AAF2 /* UIImage+WebP.m */; };
		847AC9B61D4314E000B1AAF2 /* UIImageView+HighlightedWebCache.m in Sources */ = {isa = PBXBuildFile; fileRef = 847AC9A41D4314E000B1AAF2 /* UIImageView+HighlightedWebCache.m */; };
		847AC9B71D4314E000B1AAF2 /* UIImageView+WebCache.m in Sources */ = {isa = PBXBuildFile; fileRef = 847AC9A61D4314E000B1AAF2 /* UIImageView+WebCache.m */; };
		847AC9B81D4314E000B1AAF2 /* UIView+WebCacheOperation.m in Sources */ = {isa = PBXBuildFile; fileRef = 847AC9A81D4314E000B1AAF2 /* UIView+WebCacheOperation.m */; };
		847AC9BB1D43A86000B1AAF2 /* KCImageData.m in Sources */ = {isa = PBXBuildFile; fileRef = 847AC9BA1D43A86000B1AAF2 /* KCImageData.m */; };
		849C69BD1D44A7B1004D313A /* ViewController1.m in Sources */ = {isa = PBXBuildFile; fileRef = 849C69BC1D44A7B1004D313A /* ViewController1.m */; };
/* End PBXBuildFile section */

/* Begin PBXFileReference section */
		847AC96D1D43143D00B1AAF2 /* zhen.app */ = {isa = PBXFileReference; explicitFileType = wrapper.application; includeInIndex = 0; path = zhen.app; sourceTree = BUILT_PRODUCTS_DIR; };
		847AC9711D43143D00B1AAF2 /* main.m */ = {isa = PBXFileReference; lastKnownFileType = sourcecode.c.objc; path = main.m; sourceTree = "<group>"; };
		847AC9731D43143D00B1AAF2 /* AppDelegate.h */ = {isa = PBXFileReference; lastKnownFileType = sourcecode.c.h; path = AppDelegate.h; sourceTree = "<group>"; };
		847AC9741D43143D00B1AAF2 /* AppDelegate.m */ = {isa = PBXFileReference; lastKnownFileType = sourcecode.c.objc; path = AppDelegate.m; sourceTree = "<group>"; };
		847AC9761D43143D00B1AAF2 /* ViewController.h */ = {isa = PBXFileReference; lastKnownFileType = sourcecode.c.h; path = ViewController.h; sourceTree = "<group>"; };
		847AC9771D43143D00B1AAF2 /* ViewController.m */ = {isa = PBXFileReference; lastKnownFileType = sourcecode.c.objc; path = ViewController.m; sourceTree = "<group>"; };
		847AC97A1D43143D00B1AAF2 /* Base */ = {isa = PBXFileReference; lastKnownFileType = file.storyboard; name = Base; path = Base.lproj/Main.storyboard; sourceTree = "<group>"; };
		847AC97C1D43143D00B1AAF2 /* Assets.xcassets */ = {isa = PBXFileReference; lastKnownFileType = folder.assetcatalog; path = Assets.xcassets; sourceTree = "<group>"; };
		847AC97F1D43143D00B1AAF2 /* Base */ = {isa = PBXFileReference; lastKnownFileType = file.storyboard; name = Base; path = Base.lproj/LaunchScreen.storyboard; sourceTree = "<group>"; };
		847AC9811D43143D00B1AAF2 /* Info.plist */ = {isa = PBXFileReference; lastKnownFileType = text.plist.xml; path = Info.plist; sourceTree = "<group>"; };
		847AC9881D4314E000B1AAF2 /* MKAnnotationView+WebCache.h */ = {isa = PBXFileReference; fileEncoding = 4; lastKnownFileType = sourcecode.c.h; path = "MKAnnotationView+WebCache.h"; sourceTree = "<group>"; };
		847AC9891D4314E000B1AAF2 /* MKAnnotationView+WebCache.m */ = {isa = PBXFileReference; fileEncoding = 4; lastKnownFileType = sourcecode.c.objc; path = "MKAnnotationView+WebCache.m"; sourceTree = "<group>"; };
		847AC98A1D4314E000B1AAF2 /* NSData+ImageContentType.h */ = {isa = PBXFileReference; fileEncoding = 4; lastKnownFileType = sourcecode.c.h; path = "NSData+ImageContentType.h"; sourceTree = "<group>"; };
		847AC98B1D4314E000B1AAF2 /* NSData+ImageContentType.m */ = {isa = PBXFileReference; fileEncoding = 4; lastKnownFileType = sourcecode.c.objc; path = "NSData+ImageContentType.m"; sourceTree = "<group>"; };
		847AC98C1D4314E000B1AAF2 /* SDImageCache.h */ = {isa = PBXFileReference; fileEncoding = 4; lastKnownFileType = sourcecode.c.h; path = SDImageCache.h; sourceTree = "<group>"; };
		847AC98D1D4314E000B1AAF2 /* SDImageCache.m */ = {isa = PBXFileReference; fileEncoding = 4; lastKnownFileType = sourcecode.c.objc; path = SDImageCache.m; sourceTree = "<group>"; };
		847AC98E1D4314E000B1AAF2 /* SDWebImageCompat.h */ = {isa = PBXFileReference; fileEncoding = 4; lastKnownFileType = sourcecode.c.h; path = SDWebImageCompat.h; sourceTree = "<group>"; };
		847AC98F1D4314E000B1AAF2 /* SDWebImageCompat.m */ = {isa = PBXFileReference; fileEncoding = 4; lastKnownFileType = sourcecode.c.objc; path = SDWebImageCompat.m; sourceTree = "<group>"; };
		847AC9901D4314E000B1AAF2 /* SDWebImageDecoder.h */ = {isa = PBXFileReference; fileEncoding = 4; lastKnownFileType = sourcecode.c.h; path = SDWebImageDecoder.h; sourceTree = "<group>"; };
		847AC9911D4314E000B1AAF2 /* SDWebImageDecoder.m */ = {isa = PBXFileReference; fileEncoding = 4; lastKnownFileType = sourcecode.c.objc; path = SDWebImageDecoder.m; sourceTree = "<group>"; };
		847AC9921D4314E000B1AAF2 /* SDWebImageDownloader.h */ = {isa = PBXFileReference; fileEncoding = 4; lastKnownFileType = sourcecode.c.h; path = SDWebImageDownloader.h; sourceTree = "<group>"; };
		847AC9931D4314E000B1AAF2 /* SDWebImageDownloader.m */ = {isa = PBXFileReference; fileEncoding = 4; lastKnownFileType = sourcecode.c.objc; path = SDWebImageDownloader.m; sourceTree = "<group>"; };
		847AC9941D4314E000B1AAF2 /* SDWebImageDownloaderOperation.h */ = {isa = PBXFileReference; fileEncoding = 4; lastKnownFileType = sourcecode.c.h; path = SDWebImageDownloaderOperation.h; sourceTree = "<group>"; };
		847AC9951D4314E000B1AAF2 /* SDWebImageDownloaderOperation.m */ = {isa = PBXFileReference; fileEncoding = 4; lastKnownFileType = sourcecode.c.objc; path = SDWebImageDownloaderOperation.m; sourceTree = "<group>"; };
		847AC9961D4314E000B1AAF2 /* SDWebImageManager.h */ = {isa = PBXFileReference; fileEncoding = 4; lastKnownFileType = sourcecode.c.h; path = SDWebImageManager.h; sourceTree = "<group>"; };
		847AC9971D4314E000B1AAF2 /* SDWebImageManager.m */ = {isa = PBXFileReference; fileEncoding = 4; lastKnownFileType = sourcecode.c.objc; path = SDWebImageManager.m; sourceTree = "<group>"; };
		847AC9981D4314E000B1AAF2 /* SDWebImageOperation.h */ = {isa = PBXFileReference; fileEncoding = 4; lastKnownFileType = sourcecode.c.h; path = SDWebImageOperation.h; sourceTree = "<group>"; };
		847AC9991D4314E000B1AAF2 /* SDWebImagePrefetcher.h */ = {isa = PBXFileReference; fileEncoding = 4; lastKnownFileType = sourcecode.c.h; path = SDWebImagePrefetcher.h; sourceTree = "<group>"; };
		847AC99A1D4314E000B1AAF2 /* SDWebImagePrefetcher.m */ = {isa = PBXFileReference; fileEncoding = 4; lastKnownFileType = sourcecode.c.objc; path = SDWebImagePrefetcher.m; sourceTree = "<group>"; };
		847AC99B1D4314E000B1AAF2 /* UIButton+WebCache.h */ = {isa = PBXFileReference; fileEncoding = 4; lastKnownFileType = sourcecode.c.h; path = "UIButton+WebCache.h"; sourceTree = "<group>"; };
		847AC99C1D4314E000B1AAF2 /* UIButton+WebCache.m */ = {isa = PBXFileReference; fileEncoding = 4; lastKnownFileType = sourcecode.c.objc; path = "UIButton+WebCache.m"; sourceTree = "<group>"; };
		847AC99D1D4314E000B1AAF2 /* UIImage+GIF.h */ = {isa = PBXFileReference; fileEncoding = 4; lastKnownFileType = sourcecode.c.h; path = "UIImage+GIF.h"; sourceTree = "<group>"; };
		847AC99E1D4314E000B1AAF2 /* UIImage+GIF.m */ = {isa = PBXFileReference; fileEncoding = 4; lastKnownFileType = sourcecode.c.objc; path = "UIImage+GIF.m"; sourceTree = "<group>"; };
		847AC99F1D4314E000B1AAF2 /* UIImage+MultiFormat.h */ = {isa = PBXFileReference; fileEncoding = 4; lastKnownFileType = sourcecode.c.h; path = "UIImage+MultiFormat.h"; sourceTree = "<group>"; };
		847AC9A01D4314E000B1AAF2 /* UIImage+MultiFormat.m */ = {isa = PBXFileReference; fileEncoding = 4; lastKnownFileType = sourcecode.c.objc; path = "UIImage+MultiFormat.m"; sourceTree = "<group>"; };
		847AC9A11D4314E000B1AAF2 /* UIImage+WebP.h */ = {isa = PBXFileReference; fileEncoding = 4; lastKnownFileType = sourcecode.c.h; path = "UIImage+WebP.h"; sourceTree = "<group>"; };
		847AC9A21D4314E000B1AAF2 /* UIImage+WebP.m */ = {isa = PBXFileReference; fileEncoding = 4; lastKnownFileType = sourcecode.c.objc; path = "UIImage+WebP.m"; sourceTree = "<group>"; };
		847AC9A31D4314E000B1AAF2 /* UIImageView+HighlightedWebCache.h */ = {isa = PBXFileReference; fileEncoding = 4; lastKnownFileType = sourcecode.c.h; path = "UIImageView+HighlightedWebCache.h"; sourceTree = "<group>"; };
		847AC9A41D4314E000B1AAF2 /* UIImageView+HighlightedWebCache.m */ = {isa = PBXFileReference; fileEncoding = 4; lastKnownFileType = sourcecode.c.objc; path = "UIImageView+HighlightedWebCache.m"; sourceTree = "<group>"; };
		847AC9A51D4314E000B1AAF2 /* UIImageView+WebCache.h */ = {isa = PBXFileReference; fileEncoding = 4; lastKnownFileType = sourcecode.c.h; path = "UIImageView+WebCache.h"; sourceTree = "<group>"; };
		847AC9A61D4314E000B1AAF2 /* UIImageView+WebCache.m */ = {isa = PBXFileReference; fileEncoding = 4; lastKnownFileType = sourcecode.c.objc; path = "UIImageView+WebCache.m"; sourceTree = "<group>"; };
		847AC9A71D4314E000B1AAF2 /* UIView+WebCacheOperation.h */ = {isa = PBXFileReference; fileEncoding = 4; lastKnownFileType = sourcecode.c.h; path = "UIView+WebCacheOperation.h"; sourceTree = "<group>"; };
		847AC9A81D4314E000B1AAF2 /* UIView+WebCacheOperation.m */ = {isa = PBXFileReference; fileEncoding = 4; lastKnownFileType = sourcecode.c.objc; path = "UIView+WebCacheOperation.m"; sourceTree = "<group>"; };
		847AC9B91D43A86000B1AAF2 /* KCImageData.h */ = {isa = PBXFileReference; fileEncoding = 4; lastKnownFileType = sourcecode.c.h; path = KCImageData.h; sourceTree = "<group>"; };
		847AC9BA1D43A86000B1AAF2 /* KCImageData.m */ = {isa = PBXFileReference; fileEncoding = 4; lastKnownFileType = sourcecode.c.objc; path = KCImageData.m; sourceTree = "<group>"; };
		849C69BB1D44A7B1004D313A /* ViewController1.h */ = {isa = PBXFileReference; fileEncoding = 4; lastKnownFileType = sourcecode.c.h; path = ViewController1.h; sourceTree = "<group>"; };
		849C69BC1D44A7B1004D313A /* ViewController1.m */ = {isa = PBXFileReference; fileEncoding = 4; lastKnownFileType = sourcecode.c.objc; path = ViewController1.m; sourceTree = "<group>"; };
/* End PBXFileReference section */

/* Begin PBXFrameworksBuildPhase section */
		847AC96A1D43143D00B1AAF2 /* Frameworks */ = {
			isa = PBXFrameworksBuildPhase;
			buildActionMask = 2147483647;
			files = (
			);
			runOnlyForDeploymentPostprocessing = 0;
		};
/* End PBXFrameworksBuildPhase section */

/* Begin PBXGroup section */
		847AC9641D43143D00B1AAF2 = {
			isa = PBXGroup;
			children = (
				847AC96F1D43143D00B1AAF2 /* zhen */,
				847AC96E1D43143D00B1AAF2 /* Products */,
			);
			sourceTree = "<group>";
		};
		847AC96E1D43143D00B1AAF2 /* Products */ = {
			isa = PBXGroup;
			children = (
				847AC96D1D43143D00B1AAF2 /* zhen.app */,
			);
			name = Products;
			sourceTree = "<group>";
		};
		847AC96F1D43143D00B1AAF2 /* zhen */ = {
			isa = PBXGroup;
			children = (
				847AC9731D43143D00B1AAF2 /* AppDelegate.h */,
				847AC9741D43143D00B1AAF2 /* AppDelegate.m */,
				847AC9761D43143D00B1AAF2 /* ViewController.h */,
				847AC9771D43143D00B1AAF2 /* ViewController.m */,
				847AC9791D43143D00B1AAF2 /* Main.storyboard */,
				847AC97C1D43143D00B1AAF2 /* Assets.xcassets */,
				847AC97E1D43143D00B1AAF2 /* LaunchScreen.storyboard */,
				847AC9811D43143D00B1AAF2 /* Info.plist */,
				847AC9871D4314E000B1AAF2 /* SDWebImage */,
				847AC9701D43143D00B1AAF2 /* Supporting Files */,
				847AC9B91D43A86000B1AAF2 /* KCImageData.h */,
				847AC9BA1D43A86000B1AAF2 /* KCImageData.m */,
				849C69BB1D44A7B1004D313A /* ViewController1.h */,
				849C69BC1D44A7B1004D313A /* ViewController1.m */,
			);
			path = zhen;
			sourceTree = "<group>";
		};
		847AC9701D43143D00B1AAF2 /* Supporting Files */ = {
			isa = PBXGroup;
			children = (
				847AC9711D43143D00B1AAF2 /* main.m */,
			);
			name = "Supporting Files";
			sourceTree = "<group>";
		};
		847AC9871D4314E000B1AAF2 /* SDWebImage */ = {
			isa = PBXGroup;
			children = (
				847AC9881D4314E000B1AAF2 /* MKAnnotationView+WebCache.h */,
				847AC9891D4314E000B1AAF2 /* MKAnnotationView+WebCache.m */,
				847AC98A1D4314E000B1AAF2 /* NSData+ImageContentType.h */,
				847AC98B1D4314E000B1AAF2 /* NSData+ImageContentType.m */,
				847AC98C1D4314E000B1AAF2 /* SDImageCache.h */,
				847AC98D1D4314E000B1AAF2 /* SDImageCache.m */,
				847AC98E1D4314E000B1AAF2 /* SDWebImageCompat.h */,
				847AC98F1D4314E000B1AAF2 /* SDWebImageCompat.m */,
				847AC9901D4314E000B1AAF2 /* SDWebImageDecoder.h */,
				847AC9911D4314E000B1AAF2 /* SDWebImageDecoder.m */,
				847AC9921D4314E000B1AAF2 /* SDWebImageDownloader.h */,
				847AC9931D4314E000B1AAF2 /* SDWebImageDownloader.m */,
				847AC9941D4314E000B1AAF2 /* SDWebImageDownloaderOperation.h */,
				847AC9951D4314E000B1AAF2 /* SDWebImageDownloaderOperation.m */,
				847AC9961D4314E000B1AAF2 /* SDWebImageManager.h */,
				847AC9971D4314E000B1AAF2 /* SDWebImageManager.m */,
				847AC9981D4314E000B1AAF2 /* SDWebImageOperation.h */,
				847AC9991D4314E000B1AAF2 /* SDWebImagePrefetcher.h */,
				847AC99A1D4314E000B1AAF2 /* SDWebImagePrefetcher.m */,
				847AC99B1D4314E000B1AAF2 /* UIButton+WebCache.h */,
				847AC99C1D4314E000B1AAF2 /* UIButton+WebCache.m */,
				847AC99D1D4314E000B1AAF2 /* UIImage+GIF.h */,
				847AC99E1D4314E000B1AAF2 /* UIImage+GIF.m */,
				847AC99F1D4314E000B1AAF2 /* UIImage+MultiFormat.h */,
				847AC9A01D4314E000B1AAF2 /* UIImage+MultiFormat.m */,
				847AC9A11D4314E000B1AAF2 /* UIImage+WebP.h */,
				847AC9A21D4314E000B1AAF2 /* UIImage+WebP.m */,
				847AC9A31D4314E000B1AAF2 /* UIImageView+HighlightedWebCache.h */,
				847AC9A41D4314E000B1AAF2 /* UIImageView+HighlightedWebCache.m */,
				847AC9A51D4314E000B1AAF2 /* UIImageView+WebCache.h */,
				847AC9A61D4314E000B1AAF2 /* UIImageView+WebCache.m */,
				847AC9A71D4314E000B1AAF2 /* UIView+WebCacheOperation.h */,
				847AC9A81D4314E000B1AAF2 /* UIView+WebCacheOperation.m */,
			);
			path = SDWebImage;
			sourceTree = "<group>";
		};
/* End PBXGroup section */

/* Begin PBXNativeTarget section */
		847AC96C1D43143D00B1AAF2 /* zhen */ = {
			isa = PBXNativeTarget;
			buildConfigurationList = 847AC9841D43143D00B1AAF2 /* Build configuration list for PBXNativeTarget "zhen" */;
			buildPhases = (
				847AC9691D43143D00B1AAF2 /* Sources */,
				847AC96A1D43143D00B1AAF2 /* Frameworks */,
				847AC96B1D43143D00B1AAF2 /* Resources */,
			);
			buildRules = (
			);
			dependencies = (
			);
			name = zhen;
			productName = zhen;
			productReference = 847AC96D1D43143D00B1AAF2 /* zhen.app */;
			productType = "com.apple.product-type.application";
		};
/* End PBXNativeTarget section */

/* Begin PBXProject section */
		847AC9651D43143D00B1AAF2 /* Project object */ = {
			isa = PBXProject;
			attributes = {
				LastUpgradeCheck = 0730;
				ORGANIZATIONNAME = cxz;
				TargetAttributes = {
					847AC96C1D43143D00B1AAF2 = {
						CreatedOnToolsVersion = 7.3.1;
					};
				};
			};
			buildConfigurationList = 847AC9681D43143D00B1AAF2 /* Build configuration list for PBXProject "zhen" */;
			compatibilityVersion = "Xcode 3.2";
			developmentRegion = English;
			hasScannedForEncodings = 0;
			knownRegions = (
				en,
				Base,
			);
			mainGroup = 847AC9641D43143D00B1AAF2;
			productRefGroup = 847AC96E1D43143D00B1AAF2 /* Products */;
			projectDirPath = "";
			projectRoot = "";
			targets = (
				847AC96C1D43143D00B1AAF2 /* zhen */,
			);
		};
/* End PBXProject section */

/* Begin PBXResourcesBuildPhase section */
		847AC96B1D43143D00B1AAF2 /* Resources */ = {
			isa = PBXResourcesBuildPhase;
			buildActionMask = 2147483647;
			files = (
				847AC9801D43143D00B1AAF2 /* LaunchScreen.storyboard in Resources */,
				847AC97D1D43143D00B1AAF2 /* Assets.xcassets in Resources */,
				847AC97B1D43143D00B1AAF2 /* Main.storyboard in Resources */,
			);
			runOnlyForDeploymentPostprocessing = 0;
		};
/* End PBXResourcesBuildPhase section */

/* Begin PBXSourcesBuildPhase section */
		847AC9691D43143D00B1AAF2 /* Sources */ = {
			isa = PBXSourcesBuildPhase;
			buildActionMask = 2147483647;
			files = (
				847AC9B61D4314E000B1AAF2 /* UIImageView+HighlightedWebCache.m in Sources */,
				847AC9AA1D4314E000B1AAF2 /* NSData+ImageContentType.m in Sources */,
				847AC9B01D4314E000B1AAF2 /* SDWebImageManager.m in Sources */,
				847AC9AE1D4314E000B1AAF2 /* SDWebImageDownloader.m in Sources */,
				847AC9B51D4314E000B1AAF2 /* UIImage+WebP.m in Sources */,
				847AC9B81D4314E000B1AAF2 /* UIView+WebCacheOperation.m in Sources */,
				847AC9AB1D4314E000B1AAF2 /* SDImageCache.m in Sources */,
				847AC9781D43143D00B1AAF2 /* ViewController.m in Sources */,
				849C69BD1D44A7B1004D313A /* ViewController1.m in Sources */,
				847AC9A91D4314E000B1AAF2 /* MKAnnotationView+WebCache.m in Sources */,
				847AC9AD1D4314E000B1AAF2 /* SDWebImageDecoder.m in Sources */,
				847AC9B41D4314E000B1AAF2 /* UIImage+MultiFormat.m in Sources */,
				847AC9BB1D43A86000B1AAF2 /* KCImageData.m in Sources */,
				847AC9AF1D4314E000B1AAF2 /* SDWebImageDownloaderOperation.m in Sources */,
				847AC9751D43143D00B1AAF2 /* AppDelegate.m in Sources */,
				847AC9B21D4314E000B1AAF2 /* UIButton+WebCache.m in Sources */,
				847AC9B11D4314E000B1AAF2 /* SDWebImagePrefetcher.m in Sources */,
				847AC9B71D4314E000B1AAF2 /* UIImageView+WebCache.m in Sources */,
				847AC9AC1D4314E000B1AAF2 /* SDWebImageCompat.m in Sources */,
				847AC9B31D4314E000B1AAF2 /* UIImage+GIF.m in Sources */,
				847AC9721D43143D00B1AAF2 /* main.m in Sources */,
			);
			runOnlyForDeploymentPostprocessing = 0;
		};
/* End PBXSourcesBuildPhase section */

/* Begin PBXVariantGroup section */
		847AC9791D43143D00B1AAF2 /* Main.storyboard */ = {
			isa = PBXVariantGroup;
			children = (
				847AC97A1D43143D00B1AAF2 /* Base */,
			);
			name = Main.storyboard;
			sourceTree = "<group>";
		};
		847AC97E1D43143D00B1AAF2 /* LaunchScreen.storyboard */ = {
			isa = PBXVariantGroup;
			children = (
				847AC97F1D43143D00B1AAF2 /* Base */,
			);
			name = LaunchScreen.storyboard;
			sourceTree = "<group>";
		};
/* End PBXVariantGroup section */

/* Begin XCBuildConfiguration section */
		847AC9821D43143D00B1AAF2 /* Debug */ = {
			isa = XCBuildConfiguration;
			buildSettings = {
				ALWAYS_SEARCH_USER_PATHS = NO;
				CLANG_ANALYZER_NONNULL = YES;
				CLANG_CXX_LANGUAGE_STANDARD = "gnu++0x";
				CLANG_CXX_LIBRARY = "libc++";
				CLANG_ENABLE_MODULES = YES;
				CLANG_ENABLE_OBJC_ARC = YES;
				CLANG_WARN_BOOL_CONVERSION = YES;
				CLANG_WARN_CONSTANT_CONVERSION = YES;
				CLANG_WARN_DIRECT_OBJC_ISA_USAGE = YES_ERROR;
				CLANG_WARN_EMPTY_BODY = YES;
				CLANG_WARN_ENUM_CONVERSION = YES;
				CLANG_WARN_INT_CONVERSION = YES;
				CLANG_WARN_OBJC_ROOT_CLASS = YES_ERROR;
				CLANG_WARN_UNREACHABLE_CODE = YES;
				CLANG_WARN__DUPLICATE_METHOD_MATCH = YES;
				"CODE_SIGN_IDENTITY[sdk=iphoneos*]" = "iPhone Developer";
				COPY_PHASE_STRIP = NO;
				DEBUG_INFORMATION_FORMAT = dwarf;
				ENABLE_STRICT_OBJC_MSGSEND = YES;
				ENABLE_TESTABILITY = YES;
				GCC_C_LANGUAGE_STANDARD = gnu99;
				GCC_DYNAMIC_NO_PIC = NO;
				GCC_NO_COMMON_BLOCKS = YES;
				GCC_OPTIMIZATION_LEVEL = 0;
				GCC_PREPROCESSOR_DEFINITIONS = (
					"DEBUG=1",
					"$(inherited)",
				);
				GCC_WARN_64_TO_32_BIT_CONVERSION = YES;
				GCC_WARN_ABOUT_RETURN_TYPE = YES_ERROR;
				GCC_WARN_UNDECLARED_SELECTOR = YES;
				GCC_WARN_UNINITIALIZED_AUTOS = YES_AGGRESSIVE;
				GCC_WARN_UNUSED_FUNCTION = YES;
				GCC_WARN_UNUSED_VARIABLE = YES;
				IPHONEOS_DEPLOYMENT_TARGET = 9.3;
				MTL_ENABLE_DEBUG_INFO = YES;
				ONLY_ACTIVE_ARCH = YES;
				SDKROOT = iphoneos;
			};
			name = Debug;
		};
		847AC9831D43143D00B1AAF2 /* Release */ = {
			isa = XCBuildConfiguration;
			buildSettings = {
				ALWAYS_SEARCH_USER_PATHS = NO;
				CLANG_ANALYZER_NONNULL = YES;
				CLANG_CXX_LANGUAGE_STANDARD = "gnu++0x";
				CLANG_CXX_LIBRARY = "libc++";
				CLANG_ENABLE_MODULES = YES;
				CLANG_ENABLE_OBJC_ARC = YES;
				CLANG_WARN_BOOL_CONVERSION = YES;
				CLANG_WARN_CONSTANT_CONVERSION = YES;
				CLANG_WARN_DIRECT_OBJC_ISA_USAGE = YES_ERROR;
				CLANG_WARN_EMPTY_BODY = YES;
				CLANG_WARN_ENUM_CONVERSION = YES;
				CLANG_WARN_INT_CONVERSION = YES;
				CLANG_WARN_OBJC_ROOT_CLASS = YES_ERROR;
				CLANG_WARN_UNREACHABLE_CODE = YES;
				CLANG_WARN__DUPLICATE_METHOD_MATCH = YES;
				"CODE_SIGN_IDENTITY[sdk=iphoneos*]" = "iPhone Developer";
				COPY_PHASE_STRIP = NO;
				DEBUG_INFORMATION_FORMAT = "dwarf-with-dsym";
				ENABLE_NS_ASSERTIONS = NO;
				ENABLE_STRICT_OBJC_MSGSEND = YES;
				GCC_C_LANGUAGE_STANDARD = gnu99;
				GCC_NO_COMMON_BLOCKS = YES;
				GCC_WARN_64_TO_32_BIT_CONVERSION = YES;
				GCC_WARN_ABOUT_RETURN_TYPE = YES_ERROR;
				GCC_WARN_UNDECLARED_SELECTOR = YES;
				GCC_WARN_UNINITIALIZED_AUTOS = YES_AGGRESSIVE;
				GCC_WARN_UNUSED_FUNCTION = YES;
				GCC_WARN_UNUSED_VARIABLE = YES;
				IPHONEOS_DEPLOYMENT_TARGET = 9.3;
				MTL_ENABLE_DEBUG_INFO = NO;
				SDKROOT = iphoneos;
				VALIDATE_PRODUCT = YES;
			};
			name = Release;
		};
		847AC9851D43143D00B1AAF2 /* Debug */ = {
			isa = XCBuildConfiguration;
			buildSettings = {
				ASSETCATALOG_COMPILER_APPICON_NAME = AppIcon;
				INFOPLIST_FILE = zhen/Info.plist;
				LD_RUNPATH_SEARCH_PATHS = "$(inherited) @executable_path/Frameworks";
				PRODUCT_BUNDLE_IDENTIFIER = com.zhen;
				PRODUCT_NAME = "$(TARGET_NAME)";
			};
			name = Debug;
		};
		847AC9861D43143D00B1AAF2 /* Release */ = {
			isa = XCBuildConfiguration;
			buildSettings = {
				ASSETCATALOG_COMPILER_APPICON_NAME = AppIcon;
				INFOPLIST_FILE = zhen/Info.plist;
				LD_RUNPATH_SEARCH_PATHS = "$(inherited) @executable_path/Frameworks";
				PRODUCT_BUNDLE_IDENTIFIER = com.zhen;
				PRODUCT_NAME = "$(TARGET_NAME)";
			};
			name = Release;
		};
/* End XCBuildConfiguration section */

/* Begin XCConfigurationList section */
		847AC9681D43143D00B1AAF2 /* Build configuration list for PBXProject "zhen" */ = {
			isa = XCConfigurationList;
			buildConfigurations = (
				847AC9821D43143D00B1AAF2 /* Debug */,
				847AC9831D43143D00B1AAF2 /* Release */,
			);
			defaultConfigurationIsVisible = 0;
			defaultConfigurationName = Release;
		};
		847AC9841D43143D00B1AAF2 /* Build configuration list for PBXNativeTarget "zhen" */ = {
			isa = XCConfigurationList;
			buildConfigurations = (
				847AC9851D43143D00B1AAF2 /* Debug */,
				847AC9861D43143D00B1AAF2 /* Release */,
			);
			defaultConfigurationIsVisible = 0;
			defaultConfigurationName = Release;
		};
/* End XCConfigurationList section */
	};
	rootObject = 847AC9651D43143D00B1AAF2 /* Project object */;
}
